# Generated for CPython 3.12 on glibc 2.28+ x86_64/aarch64.
# Binary targets include manylinux_2_28 and manylinux2014 for compatible dependencies.
# Resolution inputs: .[litellm] plus huggingface-hub==0.31.4 (common wheel set).
# Install only with --require-hashes --only-binary=:all:.
aiohappyeyeballs==2.7.1 --hash=sha256:9243213661e29250eb41368e5daa826fc017156c3b8a11440826b2e3ed376472
aiohttp==3.14.1 \
    --hash=sha256:3e6fc1a85fa7194a1a7d19f44e8609180f4a8eb5fa4c7ed8b4355f080fad235c \
    --hash=sha256:64c567bf9eaf664280116a8688f63016e6b32db2505908e2bdaca1b6438142f2
aiosignal==1.4.0 --hash=sha256:053243f8b92b990551949e63930a839ff0cf0b0ebbe0597b0f3fb19e1a0fe82e
annotated-doc==0.0.4 --hash=sha256:571ac1dc6991c450b25a9c2d84a3705e2ae7a53467b5d111c24fa8baabbed320
annotated-types==0.7.0 --hash=sha256:1f02e8b43a8fbbc3f3e0d4f0f4bfc8131bcb4eebe8849b8e5c773f3a1c582a53
anyio==4.14.2 --hash=sha256:9f505dda5ac9f0c8309b5e8bd445a8c2bf7246f3ce950121e45ea15bc41d1494
attrs==26.1.0 --hash=sha256:c647aa4a12dfbad9333ca4e71fe62ddc36f4e63b2d260a37a8b83d2f043ac309
certifi==2026.6.17 --hash=sha256:2227dcbaafe0d2f59279d1762ddddc37783ed4354594f194ffc31d20f41fc3db
cffi==2.0.0 \
    --hash=sha256:3e17ed538242334bf70832644a32a7aae3d83b57567f9fd60a26257e992b79ba \
    --hash=sha256:b21e08af67b8a103c71a250401c78d5e0893beff75e28c53c98f4de42f774062
charset-normalizer==3.4.9 \
    --hash=sha256:5e226f6218febc71f6c1fc2fafb91c226f75bdc1d8fb12d66823716e891608fd \
    --hash=sha256:9b2aff1c7b3884512b9512c3eaadd9bab39fb45042ffaaa1dd08ff2b9f8109d9
click==8.4.2 --hash=sha256:e6f9f66136c816745b9d65817da91d61d957fb16e02e4dcd0552553c5a197b76
cryptography==49.0.0 \
    --hash=sha256:0e959b578856a3924bc0cbb710fc12c387b9412a951389f3ca61704a9e25f325 \
    --hash=sha256:36d1709f992593689b45bda411498d62c6e365f2ca00b84657d4dadd24de16db
distro==1.9.0 --hash=sha256:7bffd925d65168f85027d8da9af6bddab658135b840670a223589bc0c8ef02b2
fastapi==0.139.0 --hash=sha256:cf15e1e9e667ddb0ad63811e60bd11390d1aac838ca4a7a23f421807b2308189
fastuuid==0.14.0 \
    --hash=sha256:0c9ec605ace243b6dbe3bd27ebdd5d33b00d8d1d3f580b39fdd15cd96fd71796 \
    --hash=sha256:808527f2407f58a76c916d6aa15d58692a4a019fdf8d4c32ac7ff303b7d7af09
filelock==3.29.7 --hash=sha256:987db6f789a3a2a59f55081801b2b3697cb97e2a736b5f1a9e99b559285fbc51
frozenlist==1.8.0 \
    --hash=sha256:494a5952b1c597ba44e0e78113a7266e656b9794eec897b19ead706bd7074383 \
    --hash=sha256:96f423a119f4777a4a056b66ce11527366a8bb92f54e541ade21f2374433f6d4
fsspec==2026.6.0 --hash=sha256:02e0b71817df9b2169dc30a16832045764def1191b43dcff5bb85bdee212d2a1
google-auth==2.56.0 --hash=sha256:6e88c10217e07a92bfd01cac8ee99e32ccfb08414c3102e6c5b8d58f37a0d1e0
h11==0.16.0 --hash=sha256:63cf8bbe7522de3bf65932fda1d9c2772064ffb3dae62d55932da54b31cb6c86
httpcore==1.0.9 --hash=sha256:2d400746a40668fc9dec9810239072b40b4484b640a8c38fd654a024c7a1bf55
httptools==0.8.0 \
    --hash=sha256:425f83884fd6343828d8c565f046cb72b6d19063f6924093e11bcd8e1548cd09 \
    --hash=sha256:b15fc622b0f869d19207c4089a501d9bcc63ca5e071ffdd2f03f922df882dcb2
httpx==0.28.1 --hash=sha256:d909fcccc110f8c7faf814ca82a9a4d816bc5a6dbfea25d6591d6985b8ba59ad
huggingface-hub==0.31.4 --hash=sha256:4f70704760296cc69b612916056e9845f5490a33782b924fc531767967acc15d
idna==3.18 --hash=sha256:7f952cbe720b688055e3f87de14f5c3e5fdaa8bc3928985c4077ca689de849a2
importlib-metadata==8.9.0 --hash=sha256:e0f761b6ea91ced3b0844c14c9d955224d538105921f8e6754c00f6ca79fba7f
jinja2==3.1.6 --hash=sha256:85ece4451f492d0c13c5dd7c13a64681a86afae63a5f347908daf103ce6d2f67
jiter==0.16.0 \
    --hash=sha256:46add52f4ad47a08bfb1219f3e673da972191489a33016edefdb5ea55bfa8c48 \
    --hash=sha256:d5bf78d0e05e45cfdd66558893938d59afe3d1b1a824a202039b20e607d25a72
jsonschema==4.26.0 --hash=sha256:d489f15263b8d200f8387e64b4c3a75f06629559fb73deb8fdfb525f2dab50ce
jsonschema-specifications==2025.9.1 --hash=sha256:98802fee3a11ee76ecaca44429fda8a41bff98b00a0f2838151b113f210cc6fe
litellm==1.91.3 --hash=sha256:5be4df2bdf5459f46a6224a75046f365dc979995a37a81f5aa3ce29f92f534cf
markupsafe==3.0.3 \
    --hash=sha256:3a7e8ae81ae39e62a41ec302f972ba6ae23a5c5396c8e60113e9066ef893da0d \
    --hash=sha256:d6dd0be5b5b189d31db7cda48b91d7e0a9795f31430b7f271219ab30f1d3ac9d
multidict==6.7.1 \
    --hash=sha256:bfde23ef6ed9db7eaee6c37dcec08524cb43903c60b285b172b6c094711b3961 \
    --hash=sha256:eb0ce7b2a32d09892b3dd6cc44877a0d02a33241fafca5f25c8b6b62374f8b75
openai==2.45.0 --hash=sha256:5df105f5f8c9b711fcb9d06d2d3888cebc82506db216484c14a4e53cdf651777
packaging==26.2 --hash=sha256:5fc45236b9446107ff2415ce77c807cee2862cb6fac22b8a73826d0693b0980e
pillow==12.3.0 \
    --hash=sha256:78cb2c6865a35ab8ff8b75fd122f6033b92a62c82801110e48ddd6c936a45d91 \
    --hash=sha256:d9c7f76c0673154f044e9d78c8655fb4213f6ca31a836df48b40fe5d187717b9
propcache==0.5.2 \
    --hash=sha256:5dbc581d2814337da56222fab8dc5f161cd798a434e49bac27930aaef798e144 \
    --hash=sha256:6f328175a2cde1f0ff2c4ed8ce968b9dcfb55f3a7153f39e2957ed994da13476
pydantic==2.13.4 --hash=sha256:45a282cde31d808236fd7ea9d919b128653c8b38b393d1c4ab335c62924d9aba
pydantic-core==2.46.4 \
    --hash=sha256:8233f2947cf85404441fd7e0085f53b10c93e0ee78611099b5c7237e36aacbf7 \
    --hash=sha256:926c9541b14b12b1681dca8a0b75feb510b06c6341b70a8e500c2fdcff837cce
pydantic-settings==2.14.2 --hash=sha256:a20c97b37910b6550d5ea50fbcc2d4187defe58cd57070b73863d069419c9440
pyasn1==0.6.4 --hash=sha256:deda9277cfd454080ec40b207fb6df82206a3a2688735233cdcd8d3d565f088b
pyasn1-modules==0.4.2 --hash=sha256:29253a9207ce32b64c3ac6600edc75368f98473906e8fd1043bd6b5b1de2c14a
pycparser==3.0 --hash=sha256:b727414169a36b7d524c1c3e31839a521725078d7b2ff038656844266160a992
python-dotenv==1.2.2 --hash=sha256:1d8214789a24de455a8b8bd8ae6fe3c6b69a5e3d64aa8a8e5d68e694bbcb285a
pyyaml==6.0.3 \
    --hash=sha256:9149cad251584d5fb4981be1ecde53a1ca46c891a79788c0df828d2f166bda28 \
    --hash=sha256:ba1cc08a7ccde2d2ec775841541641e4548226580ab850948cbfda66a1befcdc
referencing==0.37.0 --hash=sha256:381329a9f99628c9069361716891d34ad94af76e461dcb0335825aecc7692231
regex==2026.7.10 \
    --hash=sha256:f3463a5f26be513a49e4d497debcf1b252a2db7b92c77d89621aa90b83d2dd38 \
    --hash=sha256:f6222cafe00e072bb2b8f14142cd969637411fbc4dd3b1d73a90a3b817fa046f
requests==2.34.2 --hash=sha256:2a0d60c172f83ac6ab31e4554906c0f3b3588d37b5cb939b1c061f4907e278e0
rpds-py==2026.6.3 \
    --hash=sha256:55927d532399c2c646100ff7feb48eaa940ad70f42cd68e1328f3ded9f81ca24 \
    --hash=sha256:ecabd69db66de867690f9797f2f8fa27ba501bbc24540cbdbdc649cd15888ba6
sniffio==1.3.1 --hash=sha256:2f6da418d1f1e0fddd844478f41680e794e6051915791a034ff65e5f100525a2
starlette==1.3.1 --hash=sha256:c7372aae11c3c3f26a42df7bd626cec2f47d03483d261d369516a615a53714c6
tiktoken==0.11.0 \
    --hash=sha256:6ef72aab3ea240646e642413cb363b73869fed4e604dcfd69eec63dc54d603e8 \
    --hash=sha256:7f929255c705efec7a28bf515e29dc74220b2f07544a8c81b8d69e8efc4578bd
tokenizers==0.23.1 \
    --hash=sha256:1bf13402aff9bc533c89cb849ec3b412dc3fbeacc9744840e423d7bf3f7dc0e3 \
    --hash=sha256:5075b405006415ea148a992d093699c66eb01952bf59f4d5727089a98bda45a4
tqdm==4.68.4 --hash=sha256:5168118b2368f48c561afda8020fd79195b1bdb0bdf8086b88442c267a315dc2
typing-extensions==4.16.0 --hash=sha256:481caa481374e813c1b176ada14e97f1f67a4539ce9cfeb3f350d78d6370c2e8
typing-inspection==0.4.2 --hash=sha256:4ed1cacbdc298c220f1bd249ed5287caa16f34d44ef4e9c3d0cbad5b521545e7
urllib3==2.7.0 --hash=sha256:9fb4c81ebbb1ce9531cce37674bbc6f1360472bc18ca9a553ede278ef7276897
uvicorn==0.51.0 --hash=sha256:5d38af6cd620f2ae3849fb44fd4879e0890aa1febe8d47eb355fb45d93fe6a5b
uvloop==0.22.1 \
    --hash=sha256:700e674a166ca5778255e0e1dc4e9d79ab2acc57b9171b79e65feba7184b3370 \
    --hash=sha256:7b5b1ac819a3f946d3b2ee07f09149578ae76066d70b44df3fa990add49a82e4
watchfiles==1.2.0 \
    --hash=sha256:8f70d8b291ef6e88d19b1f297a6905ddb978888d9272b0d05e6f53309856bcfc \
    --hash=sha256:e53a384f76b631c3ae5334ce6a52f0baa3a911eb94a4eac7f160079868b716d5
websockets==16.1 \
    --hash=sha256:35f41979c8623df9bd30d949d82010a8fda5c56ff12cd8508a5b7272b6d4b53a \
    --hash=sha256:a24d1f35aef07d794a16c853c688e74956c50239bec37b4f2de080056046419b
yarl==1.24.2 \
    --hash=sha256:507cc19f0b45454e2d6dcd62ff7d062b9f77a2812404e62dbdaec05b50faa035 \
    --hash=sha256:7e7ebcdef69dec6c6451e616f32b622a6d4a2e92b445c992f7c8e5274a6bbc4c
zipp==4.1.0 --hash=sha256:25ad4e16390cd314347dd8f1de67a2ac538ae658ed4ab9db16029c07c188e97f
